
Microsoft Visual Studio Solution File, Format Version 12.00
# Visual Studio Version 17
VisualStudioVersion = 17.0.31912.275
MinimumVisualStudioVersion = 10.0.40219.1
Project("{9A19103F-16F7-4668-BE54-9A1E7A4F7556}") = "ReadJson", "WebApplication1\ReadJson.csproj", "{B2604C5C-990A-434F-BEBF-C917CA7F1892}"
EndProject
Global
	GlobalSection(SolutionConfigurationPlatforms) = preSolution
		Debug|Any CPU = Debug|Any CPU
		Release|Any CPU = Release|Any CPU
	EndGlobalSection
	GlobalSection(ProjectConfigurationPlatforms) = postSolution
		{B2604C5C-990A-434F-BEBF-C917CA7F1892}.Debug|Any CPU.ActiveCfg = Debug|Any CPU
		{B2604C5C-990A-434F-BEBF-C917CA7F1892}.Debug|Any CPU.Build.0 = Debug|Any CPU
		{B2604C5C-990A-434F-BEBF-C917CA7F1892}.Release|Any CPU.ActiveCfg = Release|Any CPU
		{B2604C5C-990A-434F-BEBF-C917CA7F1892}.Release|Any CPU.Build.0 = Release|Any CPU
	EndGlobalSection
	GlobalSection(SolutionProperties) = preSolution
		HideSolutionNode = FALSE
	EndGlobalSection
	GlobalSection(ExtensibilityGlobals) = postSolution
		SolutionGuid = {EBB84ADD-9A7D-4A40-AD4A-B58ED4B99217}
	EndGlobalSection
EndGlobal
